{
  "nodes": {
    "devshell-flake": {
      "locked": {
        "lastModified": 1622711433,
        "narHash": "sha256-rGjXz7FA7HImAT3TtoqwecByLO5yhVPSwPdaYPBFRQw=",
        "owner": "numtide",
        "repo": "devshell",
        "rev": "1f4fb67b662b65fa7cfe696fc003fcc1e8f7cc36",
        "type": "github"
      },
      "original": {
        "owner": "numtide",
        "repo": "devshell",
        "type": "github"
      }
    },
    "flake-compat": {
      "flake": false,
      "locked": {
        "lastModified": 1606424373,
        "narHash": "sha256-oq8d4//CJOrVj+EcOaSXvMebvuTkmBJuT5tzlfewUnQ=",
        "owner": "edolstra",
        "repo": "flake-compat",
        "rev": "99f1c2157fba4bfe6211a321fd0ee43199025dbf",
        "type": "github"
      },
      "original": {
        "owner": "edolstra",
        "repo": "flake-compat",
        "type": "github"
      }
    },
    "flake-compat_2": {
      "flake": false,
      "locked": {
        "lastModified": 1606424373,
        "narHash": "sha256-oq8d4//CJOrVj+EcOaSXvMebvuTkmBJuT5tzlfewUnQ=",
        "owner": "edolstra",
        "repo": "flake-compat",
        "rev": "99f1c2157fba4bfe6211a321fd0ee43199025dbf",
        "type": "github"
      },
      "original": {
        "owner": "edolstra",
        "repo": "flake-compat",
        "type": "github"
      }
    },
    "flake-utils": {
      "locked": {
        "lastModified": 1623875721,
        "narHash": "sha256-A8BU7bjS5GirpAUv4QA+QnJ4CceLHkcXdRp4xITDB0s=",
        "owner": "numtide",
        "repo": "flake-utils",
        "rev": "f7e004a55b120c02ecb6219596820fcd32ca8772",
        "type": "github"
      },
      "original": {
        "owner": "numtide",
        "repo": "flake-utils",
        "type": "github"
      }
    },
    "flake-utils_2": {
      "locked": {
        "lastModified": 1620759905,
        "narHash": "sha256-WiyWawrgmyN0EdmiHyG2V+fqReiVi8bM9cRdMaKQOFg=",
        "owner": "numtide",
        "repo": "flake-utils",
        "rev": "b543720b25df6ffdfcf9227afafc5b8c1fabfae8",
        "type": "github"
      },
      "original": {
        "owner": "numtide",
        "repo": "flake-utils",
        "type": "github"
      }
    },
    "icsnpp-bacnet": {
      "flake": false,
      "locked": {
        "lastModified": 1619638397,
        "narHash": "sha256-+xIhXFCTOYQgD/A+dX+uiHIsuTOS1ZAjk6Y4F68z/Os=",
        "ref": "master",
        "rev": "b4d9019a12fe927bb1653c9eb06ff7e14340eb61",
        "revCount": 14,
        "type": "git",
        "url": "https://github.com/cisagov/icsnpp-bacnet"
      },
      "original": {
        "type": "git",
        "url": "https://github.com/cisagov/icsnpp-bacnet"
      }
    },
    "nixpkgs": {
      "locked": {
        "lastModified": 1624058581,
        "narHash": "sha256-v1HEg8yiJ/HoC/Rg6ZZJ0762A4apAMmC20ytcVjf2nM=",
        "owner": "NixOS",
        "repo": "nixpkgs",
        "rev": "3532b90afe69b3f565167e84856001e0240df032",
        "type": "github"
      },
      "original": {
        "id": "nixpkgs",
        "ref": "release-21.05",
        "type": "indirect"
      }
    },
    "nvfetcher-flake": {
      "inputs": {
        "flake-compat": "flake-compat_2",
        "flake-utils": "flake-utils_2",
        "nixpkgs": [
          "nixpkgs"
        ]
      },
      "locked": {
        "lastModified": 1623767613,
        "narHash": "sha256-dckkA2T0rxWXsVjip4nYpIY+9Ex/0CvWlGdOoR9nq2M=",
        "owner": "berberman",
        "repo": "nvfetcher",
        "rev": "f02c9c0d4b7efa339f6f52bc5a0ea5c9ce209566",
        "type": "github"
      },
      "original": {
        "owner": "berberman",
        "repo": "nvfetcher",
        "type": "github"
      }
    },
    "root": {
      "inputs": {
        "devshell-flake": "devshell-flake",
        "flake-compat": "flake-compat",
        "flake-utils": "flake-utils",
        "icsnpp-bacnet": "icsnpp-bacnet",
        "nixpkgs": "nixpkgs",
        "nvfetcher-flake": "nvfetcher-flake",
        "spicy-analyzers": "spicy-analyzers",
        "zeek-plugin-community-id": "zeek-plugin-community-id",
        "zeek-plugin-http2": "zeek-plugin-http2",
        "zeek-plugin-ikev2": "zeek-plugin-ikev2",
        "zeek-plugin-kafka": "zeek-plugin-kafka",
        "zeek-plugin-pdf": "zeek-plugin-pdf",
        "zeek-plugin-postgresql": "zeek-plugin-postgresql",
        "zeek-plugin-zip": "zeek-plugin-zip"
      }
    },
    "spicy-analyzers": {
      "flake": false,
      "locked": {
        "lastModified": 1623326265,
        "narHash": "sha256-aGE4XQFVuOtAcZCth7+K/tx233epMf7A1hgmAEjEQl4=",
        "ref": "main",
        "rev": "61adb13f2b60957b9f83789b599656cfaebe393d",
        "revCount": 165,
        "type": "git",
        "url": "https://github.com/zeek/spicy-analyzers"
      },
      "original": {
        "ref": "main",
        "type": "git",
        "url": "https://github.com/zeek/spicy-analyzers"
      }
    },
    "zeek-plugin-community-id": {
      "flake": false,
      "locked": {
        "lastModified": 1620679258,
        "narHash": "sha256-ldjyamT97pPIH/2Hgn82TgBKAzQyl94eOl953cikPZk=",
        "ref": "master",
        "rev": "fe6fdd079d166ab5750a2abce65cdb4938319748",
        "revCount": 26,
        "type": "git",
        "url": "https://github.com/corelight/zeek-community-id/"
      },
      "original": {
        "ref": "master",
        "type": "git",
        "url": "https://github.com/corelight/zeek-community-id/"
      }
    },
    "zeek-plugin-http2": {
      "flake": false,
      "locked": {
        "lastModified": 1607350298,
        "narHash": "sha256-UpNfsYfNKMb8yO8X5bdwB2wSQo9KWsjZbVqzteKYY3Q=",
        "ref": "master",
        "rev": "70008f0f40e6c942547285f8c43b9aabd1efc909",
        "revCount": 50,
        "type": "git",
        "url": "https://github.com/MITRECND/bro-http2/"
      },
      "original": {
        "type": "git",
        "url": "https://github.com/MITRECND/bro-http2/"
      }
    },
    "zeek-plugin-ikev2": {
      "flake": false,
      "locked": {
        "lastModified": 1580147366,
        "narHash": "sha256-ct1nQcbDGQ2V9lrKD/snhmF3EEkDXCbQfiJpSwOmKPI=",
        "ref": "master",
        "rev": "5b62d506573da388bb4df0446cc87cdffc12a438",
        "revCount": 1,
        "type": "git",
        "url": "https://github.com/ukncsc/zeek-plugin-ikev2"
      },
      "original": {
        "type": "git",
        "url": "https://github.com/ukncsc/zeek-plugin-ikev2"
      }
    },
    "zeek-plugin-kafka": {
      "flake": false,
      "locked": {
        "lastModified": 1623875317,
        "narHash": "sha256-AzcfMhNYvd/j3yKtU279TVOPcz8vOAImJ2CTEzTdSx8=",
        "ref": "main",
        "rev": "c9a3d869231ceb1ab871b3fa166e810dbf7e5d3c",
        "revCount": 64,
        "type": "git",
        "url": "https://github.com/SeisoLLC/zeek-kafka"
      },
      "original": {
        "ref": "main",
        "type": "git",
        "url": "https://github.com/SeisoLLC/zeek-kafka"
      }
    },
    "zeek-plugin-pdf": {
      "flake": false,
      "locked": {
        "lastModified": 1602586202,
        "narHash": "sha256-0zO7RwCJx8W8rn5ebjZUn/xLGl0M1ljCSNWSxawflLA=",
        "ref": "master",
        "rev": "3b52f87943f04685da600f4b00b4ad27f8cd28c6",
        "revCount": 18,
        "type": "git",
        "url": "https://github.com/reservoirlabs/zeek-pdf-analyzer"
      },
      "original": {
        "type": "git",
        "url": "https://github.com/reservoirlabs/zeek-pdf-analyzer"
      }
    },
    "zeek-plugin-postgresql": {
      "flake": false,
      "locked": {
        "lastModified": 1618480322,
        "narHash": "sha256-Z5ImP8/WPcnfuXC8ZnE5ijERePRC6MdL12CiRuJJfTg=",
        "ref": "main",
        "rev": "fa8e9acba569bcbf0046a8ae3d08cc069e847ac5",
        "revCount": 30,
        "type": "git",
        "url": "https://github.com/0xxon/zeek-postgresql"
      },
      "original": {
        "ref": "main",
        "type": "git",
        "url": "https://github.com/0xxon/zeek-postgresql"
      }
    },
    "zeek-plugin-zip": {
      "flake": false,
      "locked": {
        "lastModified": 1602585700,
        "narHash": "sha256-1JKcDOVLQh9wyipGrVtmDnVrEXoMqjxtXqPs1rQo150=",
        "ref": "master",
        "rev": "df3344f1e161da9349d5257fc9137acc09d4af55",
        "revCount": 6,
        "type": "git",
        "url": "https://github.com/reservoirlabs/zeek-zip-analyzer"
      },
      "original": {
        "type": "git",
        "url": "https://github.com/reservoirlabs/zeek-zip-analyzer"
      }
    }
  },
  "root": "root",
  "version": 7
}
