{
  "nodes": {
    "bro-http2": {
      "flake": false,
      "locked": {
        "lastModified": 1599832710,
        "narHash": "sha256-ta2Jk05Z3lrsfkAQsdPJEiBr/d7JSAYOy9NlVC32PJc=",
        "ref": "master",
        "rev": "5b160f38c1f7a46d858e8568ee3f9097e9c1c45f",
        "revCount": 44,
        "type": "git",
        "url": "https://github.com/MITRECND/bro-http2/"
      },
      "original": {
        "type": "git",
        "url": "https://github.com/MITRECND/bro-http2/"
      }
    },
    "flake-utils": {
      "locked": {
        "lastModified": 1601282935,
        "narHash": "sha256-WQAFV6sGGQxrRs3a+/Yj9xUYvhTpukQJIcMbIi7LCJ4=",
        "owner": "numtide",
        "repo": "flake-utils",
        "rev": "588973065fce51f4763287f0fda87a174d78bf48",
        "type": "github"
      },
      "original": {
        "owner": "numtide",
        "repo": "flake-utils",
        "type": "github"
      }
    },
    "metron-bro-plugin-kafka": {
      "flake": false,
      "locked": {
        "lastModified": 1600793201,
        "narHash": "sha256-F2jWQYEQIo/oLdaLkBlddjlnUk8LrD3+x2QBElvQYrI=",
        "ref": "master",
        "rev": "92b85e5e00cc2fd9023ea7f53466db6592eb6634",
        "revCount": 48,
        "type": "git",
        "url": "https://github.com/apache/metron-bro-plugin-kafka/"
      },
      "original": {
        "type": "git",
        "url": "https://github.com/apache/metron-bro-plugin-kafka/"
      }
    },
    "nixpkgs": {
      "locked": {
        "lastModified": 1601539597,
        "narHash": "sha256-gOuB2wl8C0Nxi68VsFL+FP30yj62Yt4izr8WtSldQgI=",
        "owner": "NixOS",
        "repo": "nixpkgs",
        "rev": "302ef60620d277fc87a8aa58c5c561b62c925651",
        "type": "github"
      },
      "original": {
        "id": "nixpkgs",
        "rev": "302ef60620d277fc87a8aa58c5c561b62c925651",
        "type": "indirect"
      }
    },
    "root": {
      "inputs": {
        "bro-http2": "bro-http2",
        "flake-utils": "flake-utils",
        "metron-bro-plugin-kafka": "metron-bro-plugin-kafka",
        "nixpkgs": "nixpkgs",
        "zeek-community-id": "zeek-community-id",
        "zeek-current": "zeek-current",
        "zeek-plugin-ikev2": "zeek-plugin-ikev2",
        "zeek-postgresql": "zeek-postgresql",
        "zeek-tls": "zeek-tls"
      }
    },
    "zeek-community-id": {
      "flake": false,
      "locked": {
        "lastModified": 1600967039,
        "narHash": "sha256-MV5Wa67u7WY91nh5jOCgiCk1ymvSKSyfT5nhl9EDA/w=",
        "ref": "master",
        "rev": "181a104b99d9019771ece7e489e46f2268b746d8",
        "revCount": 21,
        "type": "git",
        "url": "https://github.com/corelight/zeek-community-id/"
      },
      "original": {
        "type": "git",
        "url": "https://github.com/corelight/zeek-community-id/"
      }
    },
    "zeek-current": {
      "flake": false,
      "locked": {
        "narHash": "sha256-7i3RHzLuMVXfzaLtOsjMZBTyNdmbWa2DWfsFAxkyDpQ=",
        "type": "tarball",
        "url": "https://download.zeek.org/zeek-3.2.2.tar.gz"
      },
      "original": {
        "type": "tarball",
        "url": "https://download.zeek.org/zeek-3.2.2.tar.gz"
      }
    },
    "zeek-plugin-ikev2": {
      "flake": false,
      "locked": {
        "lastModified": 1580147366,
        "narHash": "sha256-ct1nQcbDGQ2V9lrKD/snhmF3EEkDXCbQfiJpSwOmKPI=",
        "ref": "master",
        "rev": "5b62d506573da388bb4df0446cc87cdffc12a438",
        "revCount": 1,
        "type": "git",
        "url": "https://github.com/ukncsc/zeek-plugin-ikev2"
      },
      "original": {
        "type": "git",
        "url": "https://github.com/ukncsc/zeek-plugin-ikev2"
      }
    },
    "zeek-postgresql": {
      "flake": false,
      "locked": {
        "lastModified": 1586473863,
        "narHash": "sha256-AHzzid9/JkSbgvhbql0PlFLWo9pO2VJ7RQ0tdmfv1uQ=",
        "ref": "master",
        "rev": "fb72b41140094ec8795cd7aaecbb3997c28ff202",
        "revCount": 24,
        "type": "git",
        "url": "https://github.com/0xxon/zeek-postgresql"
      },
      "original": {
        "type": "git",
        "url": "https://github.com/0xxon/zeek-postgresql"
      }
    },
    "zeek-tls": {
      "flake": false,
      "locked": {
        "narHash": "sha256-baZv6KqVP/H33YXkPpMaCIzGQDOk1D2o/FiOG/rWX5A=",
        "type": "tarball",
        "url": "https://download.zeek.org/zeek-3.0.11.tar.gz"
      },
      "original": {
        "type": "tarball",
        "url": "https://download.zeek.org/zeek-3.0.11.tar.gz"
      }
    }
  },
  "root": "root",
  "version": 7
}
