{
  "nodes": {
    "flake-utils": {
      "locked": {
        "lastModified": 1601282935,
        "narHash": "sha256-WQAFV6sGGQxrRs3a+/Yj9xUYvhTpukQJIcMbIi7LCJ4=",
        "owner": "numtide",
        "repo": "flake-utils",
        "rev": "588973065fce51f4763287f0fda87a174d78bf48",
        "type": "github"
      },
      "original": {
        "owner": "numtide",
        "repo": "flake-utils",
        "type": "github"
      }
    },
    "nixpkgs": {
      "locked": {
        "lastModified": 1601539597,
        "narHash": "sha256-gOuB2wl8C0Nxi68VsFL+FP30yj62Yt4izr8WtSldQgI=",
        "owner": "NixOS",
        "repo": "nixpkgs",
        "rev": "302ef60620d277fc87a8aa58c5c561b62c925651",
        "type": "github"
      },
      "original": {
        "id": "nixpkgs",
        "rev": "302ef60620d277fc87a8aa58c5c561b62c925651",
        "type": "indirect"
      }
    },
    "root": {
      "inputs": {
        "flake-utils": "flake-utils",
        "nixpkgs": "nixpkgs"
      }
    }
  },
  "root": "root",
  "version": 7
}
